// !$*UTF8*$!
{
	archiveVersion = 1;
	classes = {
	};
	objectVersion = 46;
	objects = {

/* Begin PBXBuildFile section */
		5E139258159A184A00777D95 /* FakeWebTestNSURLConnectionViewController.m in Sources */ = {isa = PBXBuildFile; fileRef = 5E139257159A184A00777D95 /* FakeWebTestNSURLConnectionViewController.m */; };
		5E52692315615F0E006AD80E /* ASIHTTPRequest+FakeWeb.h in Headers */ = {isa = PBXBuildFile; fileRef = 5E52692115615F0E006AD80E /* ASIHTTPRequest+FakeWeb.h */; };
		5E76D16D1556B7F200D02664 /* FakeWeb+Private.h in Headers */ = {isa = PBXBuildFile; fileRef = 5E76D16C1556B7F200D02664 /* FakeWeb+Private.h */; };
		5EBFD90014E192450042AC70 /* Foundation.framework in Frameworks */ = {isa = PBXBuildFile; fileRef = 5EBFD8FF14E192450042AC70 /* Foundation.framework */; };
		5EBFD90614E192450042AC70 /* FakeWeb.m in Sources */ = {isa = PBXBuildFile; fileRef = 5EBFD90514E192450042AC70 /* FakeWeb.m */; };
		5EBFD90E14E192450042AC70 /* SenTestingKit.framework in Frameworks */ = {isa = PBXBuildFile; fileRef = 5EBFD90D14E192450042AC70 /* SenTestingKit.framework */; };
		5EBFD91114E192450042AC70 /* Foundation.framework in Frameworks */ = {isa = PBXBuildFile; fileRef = 5EBFD8FF14E192450042AC70 /* Foundation.framework */; };
		5EBFD91414E192450042AC70 /* libFakeWeb.a in Frameworks */ = {isa = PBXBuildFile; fileRef = 5EBFD8FC14E192450042AC70 /* libFakeWeb.a */; };
		5EBFD96D14E197750042AC70 /* FakeWebSpec.m in Sources */ = {isa = PBXBuildFile; fileRef = 5EBFD96C14E197750042AC70 /* FakeWebSpec.m */; };
		5EBFD97F14E827500042AC70 /* FakeWebResponder.h in Headers */ = {isa = PBXBuildFile; fileRef = 5EBFD97D14E827500042AC70 /* FakeWebResponder.h */; };
		5EBFD98014E827500042AC70 /* FakeWebResponder.m in Sources */ = {isa = PBXBuildFile; fileRef = 5EBFD97E14E827500042AC70 /* FakeWebResponder.m */; };
		5EE984241598724300E500EE /* NSURLConnection+FakeWeb.h in Headers */ = {isa = PBXBuildFile; fileRef = 5EE984221598724300E500EE /* NSURLConnection+FakeWeb.h */; };
		5F42B1725AC241E0A73F06AE /* libPods.a in Frameworks */ = {isa = PBXBuildFile; fileRef = 6AFD949143CF4101A847C783 /* libPods.a */; };
		980E36A515DBAA8A00B036FC /* NSURLConnection+FakeWeb.m in Sources */ = {isa = PBXBuildFile; fileRef = 5EE984231598724300E500EE /* NSURLConnection+FakeWeb.m */; };
		980E36A615DBAA9200B036FC /* FakeWebNSURLConnectionSpec.m in Sources */ = {isa = PBXBuildFile; fileRef = 5EE984261598756000E500EE /* FakeWebNSURLConnectionSpec.m */; };
		985600FD171BF74500D059B5 /* FakeWebAHIHTTPRequestSpec.m in Sources */ = {isa = PBXBuildFile; fileRef = 5E52692515616065006AD80E /* FakeWebAHIHTTPRequestSpec.m */; };
		985600FE171BF9CB00D059B5 /* ASIHTTPRequest+FakeWeb.m in Sources */ = {isa = PBXBuildFile; fileRef = 5E52692215615F0E006AD80E /* ASIHTTPRequest+FakeWeb.m */; };
		98F1BCCA171C3A9300E5DA87 /* UIKit.framework in Frameworks */ = {isa = PBXBuildFile; fileRef = 98F1BCC9171C3A9300E5DA87 /* UIKit.framework */; };
/* End PBXBuildFile section */

/* Begin PBXContainerItemProxy section */
		5EBFD91214E192450042AC70 /* PBXContainerItemProxy */ = {
			isa = PBXContainerItemProxy;
			containerPortal = 5EBFD8F314E192450042AC70 /* Project object */;
			proxyType = 1;
			remoteGlobalIDString = 5EBFD8FB14E192450042AC70;
			remoteInfo = FakeWeb;
		};
/* End PBXContainerItemProxy section */

/* Begin PBXFileReference section */
		3E5EFA7BA5394DEF89D1286D /* Pods.xcconfig */ = {isa = PBXFileReference; includeInIndex = 1; lastKnownFileType = text.xcconfig; name = Pods.xcconfig; path = Pods/Pods.xcconfig; sourceTree = SOURCE_ROOT; };
		5E139256159A184A00777D95 /* FakeWebTestNSURLConnectionViewController.h */ = {isa = PBXFileReference; fileEncoding = 4; lastKnownFileType = sourcecode.c.h; name = FakeWebTestNSURLConnectionViewController.h; path = mock/FakeWebTestNSURLConnectionViewController.h; sourceTree = "<group>"; };
		5E139257159A184A00777D95 /* FakeWebTestNSURLConnectionViewController.m */ = {isa = PBXFileReference; fileEncoding = 4; lastKnownFileType = sourcecode.c.objc; name = FakeWebTestNSURLConnectionViewController.m; path = mock/FakeWebTestNSURLConnectionViewController.m; sourceTree = "<group>"; };
		5E52692115615F0E006AD80E /* ASIHTTPRequest+FakeWeb.h */ = {isa = PBXFileReference; fileEncoding = 4; lastKnownFileType = sourcecode.c.h; path = "ASIHTTPRequest+FakeWeb.h"; sourceTree = "<group>"; };
		5E52692215615F0E006AD80E /* ASIHTTPRequest+FakeWeb.m */ = {isa = PBXFileReference; fileEncoding = 4; lastKnownFileType = sourcecode.c.objc; path = "ASIHTTPRequest+FakeWeb.m"; sourceTree = "<group>"; };
		5E52692515616065006AD80E /* FakeWebAHIHTTPRequestSpec.m */ = {isa = PBXFileReference; fileEncoding = 4; lastKnownFileType = sourcecode.c.objc; name = FakeWebAHIHTTPRequestSpec.m; path = Spec/FakeWebAHIHTTPRequestSpec.m; sourceTree = "<group>"; };
		5E76D16C1556B7F200D02664 /* FakeWeb+Private.h */ = {isa = PBXFileReference; fileEncoding = 4; lastKnownFileType = sourcecode.c.h; path = "FakeWeb+Private.h"; sourceTree = "<group>"; };
		5EBFD8FC14E192450042AC70 /* libFakeWeb.a */ = {isa = PBXFileReference; explicitFileType = archive.ar; includeInIndex = 0; path = libFakeWeb.a; sourceTree = BUILT_PRODUCTS_DIR; };
		5EBFD8FF14E192450042AC70 /* Foundation.framework */ = {isa = PBXFileReference; lastKnownFileType = wrapper.framework; name = Foundation.framework; path = System/Library/Frameworks/Foundation.framework; sourceTree = SDKROOT; };
		5EBFD90314E192450042AC70 /* FakeWeb-Prefix.pch */ = {isa = PBXFileReference; lastKnownFileType = sourcecode.c.h; path = "FakeWeb-Prefix.pch"; sourceTree = "<group>"; };
		5EBFD90414E192450042AC70 /* FakeWeb.h */ = {isa = PBXFileReference; lastKnownFileType = sourcecode.c.h; path = FakeWeb.h; sourceTree = "<group>"; };
		5EBFD90514E192450042AC70 /* FakeWeb.m */ = {isa = PBXFileReference; lastKnownFileType = sourcecode.c.objc; path = FakeWeb.m; sourceTree = "<group>"; };
		5EBFD90C14E192450042AC70 /* FakeWebTests.octest */ = {isa = PBXFileReference; explicitFileType = wrapper.cfbundle; includeInIndex = 0; path = FakeWebTests.octest; sourceTree = BUILT_PRODUCTS_DIR; };
		5EBFD90D14E192450042AC70 /* SenTestingKit.framework */ = {isa = PBXFileReference; lastKnownFileType = wrapper.framework; name = SenTestingKit.framework; path = Library/Frameworks/SenTestingKit.framework; sourceTree = DEVELOPER_DIR; };
		5EBFD91714E192450042AC70 /* FakeWebTests-Info.plist */ = {isa = PBXFileReference; lastKnownFileType = text.plist.xml; path = "FakeWebTests-Info.plist"; sourceTree = "<group>"; };
		5EBFD96C14E197750042AC70 /* FakeWebSpec.m */ = {isa = PBXFileReference; fileEncoding = 4; lastKnownFileType = sourcecode.c.objc; name = FakeWebSpec.m; path = Spec/FakeWebSpec.m; sourceTree = "<group>"; };
		5EBFD97D14E827500042AC70 /* FakeWebResponder.h */ = {isa = PBXFileReference; fileEncoding = 4; lastKnownFileType = sourcecode.c.h; path = FakeWebResponder.h; sourceTree = "<group>"; };
		5EBFD97E14E827500042AC70 /* FakeWebResponder.m */ = {isa = PBXFileReference; fileEncoding = 4; lastKnownFileType = sourcecode.c.objc; path = FakeWebResponder.m; sourceTree = "<group>"; };
		5EE984221598724300E500EE /* NSURLConnection+FakeWeb.h */ = {isa = PBXFileReference; fileEncoding = 4; lastKnownFileType = sourcecode.c.h; path = "NSURLConnection+FakeWeb.h"; sourceTree = "<group>"; };
		5EE984231598724300E500EE /* NSURLConnection+FakeWeb.m */ = {isa = PBXFileReference; fileEncoding = 4; lastKnownFileType = sourcecode.c.objc; path = "NSURLConnection+FakeWeb.m"; sourceTree = "<group>"; };
		5EE984261598756000E500EE /* FakeWebNSURLConnectionSpec.m */ = {isa = PBXFileReference; fileEncoding = 4; lastKnownFileType = sourcecode.c.objc; name = FakeWebNSURLConnectionSpec.m; path = Spec/FakeWebNSURLConnectionSpec.m; sourceTree = "<group>"; };
		6AFD949143CF4101A847C783 /* libPods.a */ = {isa = PBXFileReference; explicitFileType = archive.ar; includeInIndex = 0; path = libPods.a; sourceTree = BUILT_PRODUCTS_DIR; };
		98F1BCC9171C3A9300E5DA87 /* UIKit.framework */ = {isa = PBXFileReference; lastKnownFileType = wrapper.framework; name = UIKit.framework; path = System/Library/Frameworks/UIKit.framework; sourceTree = SDKROOT; };
/* End PBXFileReference section */

/* Begin PBXFrameworksBuildPhase section */
		5EBFD8F914E192450042AC70 /* Frameworks */ = {
			isa = PBXFrameworksBuildPhase;
			buildActionMask = 2147483647;
			files = (
				5EBFD90014E192450042AC70 /* Foundation.framework in Frameworks */,
				5F42B1725AC241E0A73F06AE /* libPods.a in Frameworks */,
			);
			runOnlyForDeploymentPostprocessing = 0;
		};
		5EBFD90814E192450042AC70 /* Frameworks */ = {
			isa = PBXFrameworksBuildPhase;
			buildActionMask = 2147483647;
			files = (
				98F1BCCA171C3A9300E5DA87 /* UIKit.framework in Frameworks */,
				5EBFD90E14E192450042AC70 /* SenTestingKit.framework in Frameworks */,
				5EBFD91114E192450042AC70 /* Foundation.framework in Frameworks */,
				5EBFD91414E192450042AC70 /* libFakeWeb.a in Frameworks */,
			);
			runOnlyForDeploymentPostprocessing = 0;
		};
/* End PBXFrameworksBuildPhase section */

/* Begin PBXGroup section */
		5E139255159A17FD00777D95 /* mock */ = {
			isa = PBXGroup;
			children = (
				5E139256159A184A00777D95 /* FakeWebTestNSURLConnectionViewController.h */,
				5E139257159A184A00777D95 /* FakeWebTestNSURLConnectionViewController.m */,
			);
			name = mock;
			sourceTree = "<group>";
		};
		5E52691C15615A14006AD80E /* category */ = {
			isa = PBXGroup;
			children = (
				5E52692115615F0E006AD80E /* ASIHTTPRequest+FakeWeb.h */,
				5E52692215615F0E006AD80E /* ASIHTTPRequest+FakeWeb.m */,
				5EE984221598724300E500EE /* NSURLConnection+FakeWeb.h */,
				5EE984231598724300E500EE /* NSURLConnection+FakeWeb.m */,
			);
			name = category;
			sourceTree = "<group>";
		};
		5EBFD8F114E192450042AC70 = {
			isa = PBXGroup;
			children = (
				5EBFD90114E192450042AC70 /* FakeWeb */,
				5EBFD91514E192450042AC70 /* FakeWebTests */,
				5EBFD8FE14E192450042AC70 /* Frameworks */,
				5EBFD8FD14E192450042AC70 /* Products */,
				3E5EFA7BA5394DEF89D1286D /* Pods.xcconfig */,
			);
			sourceTree = "<group>";
		};
		5EBFD8FD14E192450042AC70 /* Products */ = {
			isa = PBXGroup;
			children = (
				5EBFD8FC14E192450042AC70 /* libFakeWeb.a */,
				5EBFD90C14E192450042AC70 /* FakeWebTests.octest */,
			);
			name = Products;
			sourceTree = "<group>";
		};
		5EBFD8FE14E192450042AC70 /* Frameworks */ = {
			isa = PBXGroup;
			children = (
				98F1BCC9171C3A9300E5DA87 /* UIKit.framework */,
				5EBFD8FF14E192450042AC70 /* Foundation.framework */,
				5EBFD90D14E192450042AC70 /* SenTestingKit.framework */,
				6AFD949143CF4101A847C783 /* libPods.a */,
			);
			name = Frameworks;
			sourceTree = "<group>";
		};
		5EBFD90114E192450042AC70 /* FakeWeb */ = {
			isa = PBXGroup;
			children = (
				5E52691C15615A14006AD80E /* category */,
				5EBFD90414E192450042AC70 /* FakeWeb.h */,
				5EBFD90514E192450042AC70 /* FakeWeb.m */,
				5EBFD97D14E827500042AC70 /* FakeWebResponder.h */,
				5EBFD97E14E827500042AC70 /* FakeWebResponder.m */,
				5E76D16C1556B7F200D02664 /* FakeWeb+Private.h */,
				5EBFD90214E192450042AC70 /* Supporting Files */,
			);
			path = FakeWeb;
			sourceTree = "<group>";
		};
		5EBFD90214E192450042AC70 /* Supporting Files */ = {
			isa = PBXGroup;
			children = (
				5EBFD90314E192450042AC70 /* FakeWeb-Prefix.pch */,
			);
			name = "Supporting Files";
			sourceTree = "<group>";
		};
		5EBFD91514E192450042AC70 /* FakeWebTests */ = {
			isa = PBXGroup;
			children = (
				5E139255159A17FD00777D95 /* mock */,
				5EBFD92614E192A00042AC70 /* Spec */,
				5EBFD91614E192450042AC70 /* Supporting Files */,
			);
			path = FakeWebTests;
			sourceTree = "<group>";
		};
		5EBFD91614E192450042AC70 /* Supporting Files */ = {
			isa = PBXGroup;
			children = (
				5EBFD91714E192450042AC70 /* FakeWebTests-Info.plist */,
			);
			name = "Supporting Files";
			sourceTree = "<group>";
		};
		5EBFD92614E192A00042AC70 /* Spec */ = {
			isa = PBXGroup;
			children = (
				5EBFD96C14E197750042AC70 /* FakeWebSpec.m */,
				5E52692515616065006AD80E /* FakeWebAHIHTTPRequestSpec.m */,
				5EE984261598756000E500EE /* FakeWebNSURLConnectionSpec.m */,
			);
			name = Spec;
			sourceTree = "<group>";
		};
/* End PBXGroup section */

/* Begin PBXHeadersBuildPhase section */
		5EBFD8FA14E192450042AC70 /* Headers */ = {
			isa = PBXHeadersBuildPhase;
			buildActionMask = 2147483647;
			files = (
				5EBFD97F14E827500042AC70 /* FakeWebResponder.h in Headers */,
				5E76D16D1556B7F200D02664 /* FakeWeb+Private.h in Headers */,
				5E52692315615F0E006AD80E /* ASIHTTPRequest+FakeWeb.h in Headers */,
				5EE984241598724300E500EE /* NSURLConnection+FakeWeb.h in Headers */,
			);
			runOnlyForDeploymentPostprocessing = 0;
		};
/* End PBXHeadersBuildPhase section */

/* Begin PBXNativeTarget section */
		5EBFD8FB14E192450042AC70 /* FakeWeb */ = {
			isa = PBXNativeTarget;
			buildConfigurationList = 5EBFD92014E192450042AC70 /* Build configuration list for PBXNativeTarget "FakeWeb" */;
			buildPhases = (
				5EBFD8F814E192450042AC70 /* Sources */,
				5EBFD8F914E192450042AC70 /* Frameworks */,
				5EBFD8FA14E192450042AC70 /* Headers */,
				30CC0CA328C64D14AC503839 /* Copy Pods Resources */,
			);
			buildRules = (
			);
			dependencies = (
			);
			name = FakeWeb;
			productName = FakeWeb;
			productReference = 5EBFD8FC14E192450042AC70 /* libFakeWeb.a */;
			productType = "com.apple.product-type.library.static";
		};
		5EBFD90B14E192450042AC70 /* FakeWebTests */ = {
			isa = PBXNativeTarget;
			buildConfigurationList = 5EBFD92314E192450042AC70 /* Build configuration list for PBXNativeTarget "FakeWebTests" */;
			buildPhases = (
				5EBFD90714E192450042AC70 /* Sources */,
				5EBFD90814E192450042AC70 /* Frameworks */,
				5EBFD90914E192450042AC70 /* Resources */,
				5EBFD90A14E192450042AC70 /* ShellScript */,
				05F775634A8C42B68D96B246 /* Copy Pods Resources */,
			);
			buildRules = (
			);
			dependencies = (
				5EBFD91314E192450042AC70 /* PBXTargetDependency */,
			);
			name = FakeWebTests;
			productName = FakeWebTests;
			productReference = 5EBFD90C14E192450042AC70 /* FakeWebTests.octest */;
			productType = "com.apple.product-type.bundle";
		};
/* End PBXNativeTarget section */

/* Begin PBXProject section */
		5EBFD8F314E192450042AC70 /* Project object */ = {
			isa = PBXProject;
			attributes = {
				LastUpgradeCheck = 0420;
				ORGANIZATIONNAME = "Toshihiro Morimoto (id:dealforest)";
			};
			buildConfigurationList = 5EBFD8F614E192450042AC70 /* Build configuration list for PBXProject "FakeWeb" */;
			compatibilityVersion = "Xcode 3.2";
			developmentRegion = English;
			hasScannedForEncodings = 0;
			knownRegions = (
				en,
			);
			mainGroup = 5EBFD8F114E192450042AC70;
			productRefGroup = 5EBFD8FD14E192450042AC70 /* Products */;
			projectDirPath = "";
			projectRoot = "";
			targets = (
				5EBFD8FB14E192450042AC70 /* FakeWeb */,
				5EBFD90B14E192450042AC70 /* FakeWebTests */,
			);
		};
/* End PBXProject section */

/* Begin PBXResourcesBuildPhase section */
		5EBFD90914E192450042AC70 /* Resources */ = {
			isa = PBXResourcesBuildPhase;
			buildActionMask = 2147483647;
			files = (
			);
			runOnlyForDeploymentPostprocessing = 0;
		};
/* End PBXResourcesBuildPhase section */

/* Begin PBXShellScriptBuildPhase section */
		05F775634A8C42B68D96B246 /* Copy Pods Resources */ = {
			isa = PBXShellScriptBuildPhase;
			buildActionMask = 2147483647;
			files = (
			);
			inputPaths = (
			);
			name = "Copy Pods Resources";
			outputPaths = (
			);
			runOnlyForDeploymentPostprocessing = 0;
			shellPath = /bin/sh;
			shellScript = "\"${SRCROOT}/Pods/Pods-resources.sh\"\n";
		};
		30CC0CA328C64D14AC503839 /* Copy Pods Resources */ = {
			isa = PBXShellScriptBuildPhase;
			buildActionMask = 2147483647;
			files = (
			);
			inputPaths = (
			);
			name = "Copy Pods Resources";
			outputPaths = (
			);
			runOnlyForDeploymentPostprocessing = 0;
			shellPath = /bin/sh;
			shellScript = "\"${SRCROOT}/Pods/Pods-resources.sh\"\n";
		};
		5EBFD90A14E192450042AC70 /* ShellScript */ = {
			isa = PBXShellScriptBuildPhase;
			buildActionMask = 2147483647;
			files = (
			);
			inputPaths = (
			);
			outputPaths = (
			);
			runOnlyForDeploymentPostprocessing = 0;
			shellPath = /bin/sh;
			shellScript = "# Run the unit tests in this test bundle.\n\"${SYSTEM_DEVELOPER_DIR}/Tools/RunUnitTests\"\n";
		};
/* End PBXShellScriptBuildPhase section */

/* Begin PBXSourcesBuildPhase section */
		5EBFD8F814E192450042AC70 /* Sources */ = {
			isa = PBXSourcesBuildPhase;
			buildActionMask = 2147483647;
			files = (
				5EBFD90614E192450042AC70 /* FakeWeb.m in Sources */,
				5EBFD98014E827500042AC70 /* FakeWebResponder.m in Sources */,
				980E36A515DBAA8A00B036FC /* NSURLConnection+FakeWeb.m in Sources */,
				985600FE171BF9CB00D059B5 /* ASIHTTPRequest+FakeWeb.m in Sources */,
			);
			runOnlyForDeploymentPostprocessing = 0;
		};
		5EBFD90714E192450042AC70 /* Sources */ = {
			isa = PBXSourcesBuildPhase;
			buildActionMask = 2147483647;
			files = (
				5EBFD96D14E197750042AC70 /* FakeWebSpec.m in Sources */,
				985600FD171BF74500D059B5 /* FakeWebAHIHTTPRequestSpec.m in Sources */,
				5E139258159A184A00777D95 /* FakeWebTestNSURLConnectionViewController.m in Sources */,
				980E36A615DBAA9200B036FC /* FakeWebNSURLConnectionSpec.m in Sources */,
			);
			runOnlyForDeploymentPostprocessing = 0;
		};
/* End PBXSourcesBuildPhase section */

/* Begin PBXTargetDependency section */
		5EBFD91314E192450042AC70 /* PBXTargetDependency */ = {
			isa = PBXTargetDependency;
			target = 5EBFD8FB14E192450042AC70 /* FakeWeb */;
			targetProxy = 5EBFD91214E192450042AC70 /* PBXContainerItemProxy */;
		};
/* End PBXTargetDependency section */

/* Begin XCBuildConfiguration section */
		5EBFD91E14E192450042AC70 /* Debug */ = {
			isa = XCBuildConfiguration;
			buildSettings = {
				ALWAYS_SEARCH_USER_PATHS = NO;
				ARCHS = "$(ARCHS_STANDARD_32_BIT)";
				COPY_PHASE_STRIP = NO;
				GCC_C_LANGUAGE_STANDARD = gnu99;
				GCC_DYNAMIC_NO_PIC = NO;
				GCC_OPTIMIZATION_LEVEL = 0;
				GCC_PREPROCESSOR_DEFINITIONS = (
					"DEBUG=1",
					"$(inherited)",
				);
				GCC_SYMBOLS_PRIVATE_EXTERN = NO;
				GCC_VERSION = com.apple.compilers.llvm.clang.1_0;
				GCC_WARN_ABOUT_MISSING_PROTOTYPES = YES;
				GCC_WARN_ABOUT_RETURN_TYPE = YES;
				GCC_WARN_UNUSED_VARIABLE = YES;
				IPHONEOS_DEPLOYMENT_TARGET = 4.0;
				SDKROOT = iphoneos;
			};
			name = Debug;
		};
		5EBFD91F14E192450042AC70 /* Release */ = {
			isa = XCBuildConfiguration;
			buildSettings = {
				ALWAYS_SEARCH_USER_PATHS = NO;
				ARCHS = "$(ARCHS_STANDARD_32_BIT)";
				COPY_PHASE_STRIP = YES;
				GCC_C_LANGUAGE_STANDARD = gnu99;
				GCC_VERSION = com.apple.compilers.llvm.clang.1_0;
				GCC_WARN_ABOUT_MISSING_PROTOTYPES = YES;
				GCC_WARN_ABOUT_RETURN_TYPE = YES;
				GCC_WARN_UNUSED_VARIABLE = YES;
				IPHONEOS_DEPLOYMENT_TARGET = 4.0;
				SDKROOT = iphoneos;
				VALIDATE_PRODUCT = YES;
			};
			name = Release;
		};
		5EBFD92114E192450042AC70 /* Debug */ = {
			isa = XCBuildConfiguration;
			baseConfigurationReference = 3E5EFA7BA5394DEF89D1286D /* Pods.xcconfig */;
			buildSettings = {
				DSTROOT = /tmp/FakeWeb.dst;
				GCC_PRECOMPILE_PREFIX_HEADER = YES;
				GCC_PREFIX_HEADER = "FakeWeb/FakeWeb-Prefix.pch";
				MACH_O_TYPE = staticlib;
				OTHER_LDFLAGS = "";
				PRODUCT_NAME = "$(TARGET_NAME)";
				SKIP_INSTALL = YES;
			};
			name = Debug;
		};
		5EBFD92214E192450042AC70 /* Release */ = {
			isa = XCBuildConfiguration;
			baseConfigurationReference = 3E5EFA7BA5394DEF89D1286D /* Pods.xcconfig */;
			buildSettings = {
				DSTROOT = /tmp/FakeWeb.dst;
				GCC_PRECOMPILE_PREFIX_HEADER = YES;
				GCC_PREFIX_HEADER = "FakeWeb/FakeWeb-Prefix.pch";
				MACH_O_TYPE = staticlib;
				OTHER_LDFLAGS = "";
				PRODUCT_NAME = "$(TARGET_NAME)";
				SKIP_INSTALL = YES;
			};
			name = Release;
		};
		5EBFD92414E192450042AC70 /* Debug */ = {
			isa = XCBuildConfiguration;
			baseConfigurationReference = 3E5EFA7BA5394DEF89D1286D /* Pods.xcconfig */;
			buildSettings = {
				BUNDLE_LOADER = "";
				FRAMEWORK_SEARCH_PATHS = (
					"$(SDKROOT)/Developer/Library/Frameworks",
					"$(DEVELOPER_LIBRARY_DIR)/Frameworks",
				);
				GCC_PRECOMPILE_PREFIX_HEADER = YES;
				GCC_PREFIX_HEADER = "FakeWeb/FakeWeb-Prefix.pch";
				HEADER_SEARCH_PATHS = "${PODS_HEADERS_SEARCH_PATHS}";
				INFOPLIST_FILE = "FakeWebTests/FakeWebTests-Info.plist";
				OTHER_CFLAGS = "$(inherited)";
				OTHER_LDFLAGS = "$(inherited)";
				PRODUCT_NAME = "$(TARGET_NAME)";
				WRAPPER_EXTENSION = octest;
			};
			name = Debug;
		};
		5EBFD92514E192450042AC70 /* Release */ = {
			isa = XCBuildConfiguration;
			baseConfigurationReference = 3E5EFA7BA5394DEF89D1286D /* Pods.xcconfig */;
			buildSettings = {
				ALWAYS_SEARCH_USER_PATHS = YES;
				BUNDLE_LOADER = "";
				FRAMEWORK_SEARCH_PATHS = (
					"$(SDKROOT)/Developer/Library/Frameworks",
					"$(DEVELOPER_LIBRARY_DIR)/Frameworks",
				);
				GCC_PRECOMPILE_PREFIX_HEADER = YES;
				GCC_PREFIX_HEADER = "FakeWeb/FakeWeb-Prefix.pch";
				HEADER_SEARCH_PATHS = "${PODS_HEADERS_SEARCH_PATHS}";
				INFOPLIST_FILE = "FakeWebTests/FakeWebTests-Info.plist";
				OTHER_CFLAGS = "$(inherited)";
				OTHER_LDFLAGS = "$(inherited)";
				PRODUCT_NAME = "$(TARGET_NAME)";
				WRAPPER_EXTENSION = octest;
			};
			name = Release;
		};
/* End XCBuildConfiguration section */

/* Begin XCConfigurationList section */
		5EBFD8F614E192450042AC70 /* Build configuration list for PBXProject "FakeWeb" */ = {
			isa = XCConfigurationList;
			buildConfigurations = (
				5EBFD91E14E192450042AC70 /* Debug */,
				5EBFD91F14E192450042AC70 /* Release */,
			);
			defaultConfigurationIsVisible = 0;
			defaultConfigurationName = Release;
		};
		5EBFD92014E192450042AC70 /* Build configuration list for PBXNativeTarget "FakeWeb" */ = {
			isa = XCConfigurationList;
			buildConfigurations = (
				5EBFD92114E192450042AC70 /* Debug */,
				5EBFD92214E192450042AC70 /* Release */,
			);
			defaultConfigurationIsVisible = 0;
			defaultConfigurationName = Release;
		};
		5EBFD92314E192450042AC70 /* Build configuration list for PBXNativeTarget "FakeWebTests" */ = {
			isa = XCConfigurationList;
			buildConfigurations = (
				5EBFD92414E192450042AC70 /* Debug */,
				5EBFD92514E192450042AC70 /* Release */,
			);
			defaultConfigurationIsVisible = 0;
			defaultConfigurationName = Release;
		};
/* End XCConfigurationList section */
	};
	rootObject = 5EBFD8F314E192450042AC70 /* Project object */;
}
